// !$*UTF8*$!
{
	archiveVersion = 1;
	classes = {
	};
	objectVersion = 50;
	objects = {

/* Begin PBXBuildFile section */
		04AB43E529A772DF00547346 /* AppDelegate.swift in Sources */ = {isa = PBXBuildFile; fileRef = 04AB43E429A772DF00547346 /* AppDelegate.swift */; };
		04AB43E729A772DF00547346 /* SceneDelegate.swift in Sources */ = {isa = PBXBuildFile; fileRef = 04AB43E629A772DF00547346 /* SceneDelegate.swift */; };
		04AB43E929A772DF00547346 /* ContentView.swift in Sources */ = {isa = PBXBuildFile; fileRef = 04AB43E829A772DF00547346 /* ContentView.swift */; };
		04AB43EB29A7731900547346 /* Assets.xcassets in Resources */ = {isa = PBXBuildFile; fileRef = 04AB43EA29A7731900547346 /* Assets.xcassets */; };
		04AB43EE29A7731900547346 /* Preview Assets.xcassets in Resources */ = {isa = PBXBuildFile; fileRef = 04AB43ED29A7731900547346 /* Preview Assets.xcassets */; };
		04AB43F129A7731900547346 /* LaunchScreen.storyboard in Resources */ = {isa = PBXBuildFile; fileRef = 04AB43EF29A7731900547346 /* LaunchScreen.storyboard */; };
		04AB43FC29A7731B00547346 /* listEXCERCISETests.swift in Sources */ = {isa = PBXBuildFile; fileRef = 04AB43FB29A7731B00547346 /* listEXCERCISETests.swift */; };
		04AB440729A7731B00547346 /* listEXCERCISEUITests.swift in Sources */ = {isa = PBXBuildFile; fileRef = 04AB440629A7731B00547346 /* listEXCERCISEUITests.swift */; };
		04F0025529AFA2580012E541 /* sermon.swift in Sources */ = {isa = PBXBuildFile; fileRef = 04F0025429AFA2580012E541 /* sermon.swift */; };
/* End PBXBuildFile section */

/* Begin PBXContainerItemProxy section */
		04AB43F829A7731B00547346 /* PBXContainerItemProxy */ = {
			isa = PBXContainerItemProxy;
			containerPortal = 04AB43D929A772DE00547346 /* Project object */;
			proxyType = 1;
			remoteGlobalIDString = 04AB43E029A772DF00547346;
			remoteInfo = listEXCERCISE;
		};
		04AB440329A7731B00547346 /* PBXContainerItemProxy */ = {
			isa = PBXContainerItemProxy;
			containerPortal = 04AB43D929A772DE00547346 /* Project object */;
			proxyType = 1;
			remoteGlobalIDString = 04AB43E029A772DF00547346;
			remoteInfo = listEXCERCISE;
		};
/* End PBXContainerItemProxy section */

/* Begin PBXFileReference section */
		04AB43E129A772DF00547346 /* listEXCERCISE.app */ = {isa = PBXFileReference; explicitFileType = wrapper.application; includeInIndex = 0; path = listEXCERCISE.app; sourceTree = BUILT_PRODUCTS_DIR; };
		04AB43E429A772DF00547346 /* AppDelegate.swift */ = {isa = PBXFileReference; lastKnownFileType = sourcecode.swift; path = AppDelegate.swift; sourceTree = "<group>"; };
		04AB43E629A772DF00547346 /* SceneDelegate.swift */ = {isa = PBXFileReference; lastKnownFileType = sourcecode.swift; path = SceneDelegate.swift; sourceTree = "<group>"; };
		04AB43E829A772DF00547346 /* ContentView.swift */ = {isa = PBXFileReference; lastKnownFileType = sourcecode.swift; path = ContentView.swift; sourceTree = "<group>"; };
		04AB43EA29A7731900547346 /* Assets.xcassets */ = {isa = PBXFileReference; lastKnownFileType = folder.assetcatalog; path = Assets.xcassets; sourceTree = "<group>"; };
		04AB43ED29A7731900547346 /* Preview Assets.xcassets */ = {isa = PBXFileReference; lastKnownFileType = folder.assetcatalog; path = "Preview Assets.xcassets"; sourceTree = "<group>"; };
		04AB43F029A7731900547346 /* Base */ = {isa = PBXFileReference; lastKnownFileType = file.storyboard; name = Base; path = Base.lproj/LaunchScreen.storyboard; sourceTree = "<group>"; };
		04AB43F229A7731900547346 /* Info.plist */ = {isa = PBXFileReference; lastKnownFileType = text.plist.xml; path = Info.plist; sourceTree = "<group>"; };
		04AB43F729A7731B00547346 /* listEXCERCISETests.xctest */ = {isa = PBXFileReference; explicitFileType = wrapper.cfbundle; includeInIndex = 0; path = listEXCERCISETests.xctest; sourceTree = BUILT_PRODUCTS_DIR; };
		04AB43FB29A7731B00547346 /* listEXCERCISETests.swift */ = {isa = PBXFileReference; lastKnownFileType = sourcecode.swift; path = listEXCERCISETests.swift; sourceTree = "<group>"; };
		04AB43FD29A7731B00547346 /* Info.plist */ = {isa = PBXFileReference; lastKnownFileType = text.plist.xml; path = Info.plist; sourceTree = "<group>"; };
		04AB440229A7731B00547346 /* listEXCERCISEUITests.xctest */ = {isa = PBXFileReference; explicitFileType = wrapper.cfbundle; includeInIndex = 0; path = listEXCERCISEUITests.xctest; sourceTree = BUILT_PRODUCTS_DIR; };
		04AB440629A7731B00547346 /* listEXCERCISEUITests.swift */ = {isa = PBXFileReference; lastKnownFileType = sourcecode.swift; path = listEXCERCISEUITests.swift; sourceTree = "<group>"; };
		04AB440829A7731B00547346 /* Info.plist */ = {isa = PBXFileReference; lastKnownFileType = text.plist.xml; path = Info.plist; sourceTree = "<group>"; };
		04F0025429AFA2580012E541 /* sermon.swift */ = {isa = PBXFileReference; lastKnownFileType = sourcecode.swift; path = sermon.swift; sourceTree = "<group>"; };
/* End PBXFileReference section */

/* Begin PBXFrameworksBuildPhase section */
		04AB43DE29A772DF00547346 /* Frameworks */ = {
			isa = PBXFrameworksBuildPhase;
			buildActionMask = 2147483647;
			files = (
			);
			runOnlyForDeploymentPostprocessing = 0;
		};
		04AB43F429A7731B00547346 /* Frameworks */ = {
			isa = PBXFrameworksBuildPhase;
			buildActionMask = 2147483647;
			files = (
			);
			runOnlyForDeploymentPostprocessing = 0;
		};
		04AB43FF29A7731B00547346 /* Frameworks */ = {
			isa = PBXFrameworksBuildPhase;
			buildActionMask = 2147483647;
			files = (
			);
			runOnlyForDeploymentPostprocessing = 0;
		};
/* End PBXFrameworksBuildPhase section */

/* Begin PBXGroup section */
		04AB43D829A772DE00547346 = {
			isa = PBXGroup;
			children = (
				04AB43E329A772DF00547346 /* listEXCERCISE */,
				04AB43FA29A7731B00547346 /* listEXCERCISETests */,
				04AB440529A7731B00547346 /* listEXCERCISEUITests */,
				04AB43E229A772DF00547346 /* Products */,
			);
			sourceTree = "<group>";
		};
		04AB43E229A772DF00547346 /* Products */ = {
			isa = PBXGroup;
			children = (
				04AB43E129A772DF00547346 /* listEXCERCISE.app */,
				04AB43F729A7731B00547346 /* listEXCERCISETests.xctest */,
				04AB440229A7731B00547346 /* listEXCERCISEUITests.xctest */,
			);
			name = Products;
			sourceTree = "<group>";
		};
		04AB43E329A772DF00547346 /* listEXCERCISE */ = {
			isa = PBXGroup;
			children = (
				04AB43E429A772DF00547346 /* AppDelegate.swift */,
				04AB43E629A772DF00547346 /* SceneDelegate.swift */,
				04AB43E829A772DF00547346 /* ContentView.swift */,
				04AB43EA29A7731900547346 /* Assets.xcassets */,
				04AB43EF29A7731900547346 /* LaunchScreen.storyboard */,
				04AB43F229A7731900547346 /* Info.plist */,
				04AB43EC29A7731900547346 /* Preview Content */,
				04F0025429AFA2580012E541 /* sermon.swift */,
			);
			path = listEXCERCISE;
			sourceTree = "<group>";
		};
		04AB43EC29A7731900547346 /* Preview Content */ = {
			isa = PBXGroup;
			children = (
				04AB43ED29A7731900547346 /* Preview Assets.xcassets */,
			);
			path = "Preview Content";
			sourceTree = "<group>";
		};
		04AB43FA29A7731B00547346 /* listEXCERCISETests */ = {
			isa = PBXGroup;
			children = (
				04AB43FB29A7731B00547346 /* listEXCERCISETests.swift */,
				04AB43FD29A7731B00547346 /* Info.plist */,
			);
			path = listEXCERCISETests;
			sourceTree = "<group>";
		};
		04AB440529A7731B00547346 /* listEXCERCISEUITests */ = {
			isa = PBXGroup;
			children = (
				04AB440629A7731B00547346 /* listEXCERCISEUITests.swift */,
				04AB440829A7731B00547346 /* Info.plist */,
			);
			path = listEXCERCISEUITests;
			sourceTree = "<group>";
		};
/* End PBXGroup section */

/* Begin PBXNativeTarget section */
		04AB43E029A772DF00547346 /* listEXCERCISE */ = {
			isa = PBXNativeTarget;
			buildConfigurationList = 04AB440B29A7731B00547346 /* Build configuration list for PBXNativeTarget "listEXCERCISE" */;
			buildPhases = (
				04AB43DD29A772DF00547346 /* Sources */,
				04AB43DE29A772DF00547346 /* Frameworks */,
				04AB43DF29A772DF00547346 /* Resources */,
			);
			buildRules = (
			);
			dependencies = (
			);
			name = listEXCERCISE;
			productName = listEXCERCISE;
			productReference = 04AB43E129A772DF00547346 /* listEXCERCISE.app */;
			productType = "com.apple.product-type.application";
		};
		04AB43F629A7731B00547346 /* listEXCERCISETests */ = {
			isa = PBXNativeTarget;
			buildConfigurationList = 04AB440E29A7731B00547346 /* Build configuration list for PBXNativeTarget "listEXCERCISETests" */;
			buildPhases = (
				04AB43F329A7731B00547346 /* Sources */,
				04AB43F429A7731B00547346 /* Frameworks */,
				04AB43F529A7731B00547346 /* Resources */,
			);
			buildRules = (
			);
			dependencies = (
				04AB43F929A7731B00547346 /* PBXTargetDependency */,
			);
			name = listEXCERCISETests;
			productName = listEXCERCISETests;
			productReference = 04AB43F729A7731B00547346 /* listEXCERCISETests.xctest */;
			productType = "com.apple.product-type.bundle.unit-test";
		};
		04AB440129A7731B00547346 /* listEXCERCISEUITests */ = {
			isa = PBXNativeTarget;
			buildConfigurationList = 04AB441129A7731B00547346 /* Build configuration list for PBXNativeTarget "listEXCERCISEUITests" */;
			buildPhases = (
				04AB43FE29A7731B00547346 /* Sources */,
				04AB43FF29A7731B00547346 /* Frameworks */,
				04AB440029A7731B00547346 /* Resources */,
			);
			buildRules = (
			);
			dependencies = (
				04AB440429A7731B00547346 /* PBXTargetDependency */,
			);
			name = listEXCERCISEUITests;
			productName = listEXCERCISEUITests;
			productReference = 04AB440229A7731B00547346 /* listEXCERCISEUITests.xctest */;
			productType = "com.apple.product-type.bundle.ui-testing";
		};
/* End PBXNativeTarget section */

/* Begin PBXProject section */
		04AB43D929A772DE00547346 /* Project object */ = {
			isa = PBXProject;
			attributes = {
				LastSwiftUpdateCheck = 1170;
				LastUpgradeCheck = 1170;
				ORGANIZATIONNAME = Mac;
				TargetAttributes = {
					04AB43E029A772DF00547346 = {
						CreatedOnToolsVersion = 11.7;
					};
					04AB43F629A7731B00547346 = {
						CreatedOnToolsVersion = 11.7;
						TestTargetID = 04AB43E029A772DF00547346;
					};
					04AB440129A7731B00547346 = {
						CreatedOnToolsVersion = 11.7;
						TestTargetID = 04AB43E029A772DF00547346;
					};
				};
			};
			buildConfigurationList = 04AB43DC29A772DE00547346 /* Build configuration list for PBXProject "listEXCERCISE" */;
			compatibilityVersion = "Xcode 9.3";
			developmentRegion = en;
			hasScannedForEncodings = 0;
			knownRegions = (
				en,
				Base,
			);
			mainGroup = 04AB43D829A772DE00547346;
			productRefGroup = 04AB43E229A772DF00547346 /* Products */;
			projectDirPath = "";
			projectRoot = "";
			targets = (
				04AB43E029A772DF00547346 /* listEXCERCISE */,
				04AB43F629A7731B00547346 /* listEXCERCISETests */,
				04AB440129A7731B00547346 /* listEXCERCISEUITests */,
			);
		};
/* End PBXProject section */

/* Begin PBXResourcesBuildPhase section */
		04AB43DF29A772DF00547346 /* Resources */ = {
			isa = PBXResourcesBuildPhase;
			buildActionMask = 2147483647;
			files = (
				04AB43F129A7731900547346 /* LaunchScreen.storyboard in Resources */,
				04AB43EE29A7731900547346 /* Preview Assets.xcassets in Resources */,
				04AB43EB29A7731900547346 /* Assets.xcassets in Resources */,
			);
			runOnlyForDeploymentPostprocessing = 0;
		};
		04AB43F529A7731B00547346 /* Resources */ = {
			isa = PBXResourcesBuildPhase;
			buildActionMask = 2147483647;
			files = (
			);
			runOnlyForDeploymentPostprocessing = 0;
		};
		04AB440029A7731B00547346 /* Resources */ = {
			isa = PBXResourcesBuildPhase;
			buildActionMask = 2147483647;
			files = (
			);
			runOnlyForDeploymentPostprocessing = 0;
		};
/* End PBXResourcesBuildPhase section */

/* Begin PBXSourcesBuildPhase section */
		04AB43DD29A772DF00547346 /* Sources */ = {
			isa = PBXSourcesBuildPhase;
			buildActionMask = 2147483647;
			files = (
				04AB43E529A772DF00547346 /* AppDelegate.swift in Sources */,
				04AB43E729A772DF00547346 /* SceneDelegate.swift in Sources */,
				04AB43E929A772DF00547346 /* ContentView.swift in Sources */,
				04F0025529AFA2580012E541 /* sermon.swift in Sources */,
			);
			runOnlyForDeploymentPostprocessing = 0;
		};
		04AB43F329A7731B00547346 /* Sources */ = {
			isa = PBXSourcesBuildPhase;
			buildActionMask = 2147483647;
			files = (
				04AB43FC29A7731B00547346 /* listEXCERCISETests.swift in Sources */,
			);
			runOnlyForDeploymentPostprocessing = 0;
		};
		04AB43FE29A7731B00547346 /* Sources */ = {
			isa = PBXSourcesBuildPhase;
			buildActionMask = 2147483647;
			files = (
				04AB440729A7731B00547346 /* listEXCERCISEUITests.swift in Sources */,
			);
			runOnlyForDeploymentPostprocessing = 0;
		};
/* End PBXSourcesBuildPhase section */

/* Begin PBXTargetDependency section */
		04AB43F929A7731B00547346 /* PBXTargetDependency */ = {
			isa = PBXTargetDependency;
			target = 04AB43E029A772DF00547346 /* listEXCERCISE */;
			targetProxy = 04AB43F829A7731B00547346 /* PBXContainerItemProxy */;
		};
		04AB440429A7731B00547346 /* PBXTargetDependency */ = {
			isa = PBXTargetDependency;
			target = 04AB43E029A772DF00547346 /* listEXCERCISE */;
			targetProxy = 04AB440329A7731B00547346 /* PBXContainerItemProxy */;
		};
/* End PBXTargetDependency section */

/* Begin PBXVariantGroup section */
		04AB43EF29A7731900547346 /* LaunchScreen.storyboard */ = {
			isa = PBXVariantGroup;
			children = (
				04AB43F029A7731900547346 /* Base */,
			);
			name = LaunchScreen.storyboard;
			sourceTree = "<group>";
		};
/* End PBXVariantGroup section */

/* Begin XCBuildConfiguration section */
		04AB440929A7731B00547346 /* Debug */ = {
			isa = XCBuildConfiguration;
			buildSettings = {
				ALWAYS_SEARCH_USER_PATHS = NO;
				CLANG_ANALYZER_NONNULL = YES;
				CLANG_ANALYZER_NUMBER_OBJECT_CONVERSION = YES_AGGRESSIVE;
				CLANG_CXX_LANGUAGE_STANDARD = "gnu++14";
				CLANG_CXX_LIBRARY = "libc++";
				CLANG_ENABLE_MODULES = YES;
				CLANG_ENABLE_OBJC_ARC = YES;
				CLANG_ENABLE_OBJC_WEAK = YES;
				CLANG_WARN_BLOCK_CAPTURE_AUTORELEASING = YES;
				CLANG_WARN_BOOL_CONVERSION = YES;
				CLANG_WARN_COMMA = YES;
				CLANG_WARN_CONSTANT_CONVERSION = YES;
				CLANG_WARN_DEPRECATED_OBJC_IMPLEMENTATIONS = YES;
				CLANG_WARN_DIRECT_OBJC_ISA_USAGE = YES_ERROR;
				CLANG_WARN_DOCUMENTATION_COMMENTS = YES;
				CLANG_WARN_EMPTY_BODY = YES;
				CLANG_WARN_ENUM_CONVERSION = YES;
				CLANG_WARN_INFINITE_RECURSION = YES;
				CLANG_WARN_INT_CONVERSION = YES;
				CLANG_WARN_NON_LITERAL_NULL_CONVERSION = YES;
				CLANG_WARN_OBJC_IMPLICIT_RETAIN_SELF = YES;
				CLANG_WARN_OBJC_LITERAL_CONVERSION = YES;
				CLANG_WARN_OBJC_ROOT_CLASS = YES_ERROR;
				CLANG_WARN_RANGE_LOOP_ANALYSIS = YES;
				CLANG_WARN_STRICT_PROTOTYPES = YES;
				CLANG_WARN_SUSPICIOUS_MOVE = YES;
				CLANG_WARN_UNGUARDED_AVAILABILITY = YES_AGGRESSIVE;
				CLANG_WARN_UNREACHABLE_CODE = YES;
				CLANG_WARN__DUPLICATE_METHOD_MATCH = YES;
				COPY_PHASE_STRIP = NO;
				DEBUG_INFORMATION_FORMAT = dwarf;
				ENABLE_STRICT_OBJC_MSGSEND = YES;
				ENABLE_TESTABILITY = YES;
				GCC_C_LANGUAGE_STANDARD = gnu11;
				GCC_DYNAMIC_NO_PIC = NO;
				GCC_NO_COMMON_BLOCKS = YES;
				GCC_OPTIMIZATION_LEVEL = 0;
				GCC_PREPROCESSOR_DEFINITIONS = (
					"DEBUG=1",
					"$(inherited)",
				);
				GCC_WARN_64_TO_32_BIT_CONVERSION = YES;
				GCC_WARN_ABOUT_RETURN_TYPE = YES_ERROR;
				GCC_WARN_UNDECLARED_SELECTOR = YES;
				GCC_WARN_UNINITIALIZED_AUTOS = YES_AGGRESSIVE;
				GCC_WARN_UNUSED_FUNCTION = YES;
				GCC_WARN_UNUSED_VARIABLE = YES;
				IPHONEOS_DEPLOYMENT_TARGET = 13.7;
				MTL_ENABLE_DEBUG_INFO = INCLUDE_SOURCE;
				MTL_FAST_MATH = YES;
				ONLY_ACTIVE_ARCH = YES;
				SDKROOT = iphoneos;
				SWIFT_ACTIVE_COMPILATION_CONDITIONS = DEBUG;
				SWIFT_OPTIMIZATION_LEVEL = "-Onone";
			};
			name = Debug;
		};
		04AB440A29A7731B00547346 /* Release */ = {
			isa = XCBuildConfiguration;
			buildSettings = {
				ALWAYS_SEARCH_USER_PATHS = NO;
				CLANG_ANALYZER_NONNULL = YES;
				CLANG_ANALYZER_NUMBER_OBJECT_CONVERSION = YES_AGGRESSIVE;
				CLANG_CXX_LANGUAGE_STANDARD = "gnu++14";
				CLANG_CXX_LIBRARY = "libc++";
				CLANG_ENABLE_MODULES = YES;
				CLANG_ENABLE_OBJC_ARC = YES;
				CLANG_ENABLE_OBJC_WEAK = YES;
				CLANG_WARN_BLOCK_CAPTURE_AUTORELEASING = YES;
				CLANG_WARN_BOOL_CONVERSION = YES;
				CLANG_WARN_COMMA = YES;
				CLANG_WARN_CONSTANT_CONVERSION = YES;
				CLANG_WARN_DEPRECATED_OBJC_IMPLEMENTATIONS = YES;
				CLANG_WARN_DIRECT_OBJC_ISA_USAGE = YES_ERROR;
				CLANG_WARN_DOCUMENTATION_COMMENTS = YES;
				CLANG_WARN_EMPTY_BODY = YES;
				CLANG_WARN_ENUM_CONVERSION = YES;
				CLANG_WARN_INFINITE_RECURSION = YES;
				CLANG_WARN_INT_CONVERSION = YES;
				CLANG_WARN_NON_LITERAL_NULL_CONVERSION = YES;
				CLANG_WARN_OBJC_IMPLICIT_RETAIN_SELF = YES;
				CLANG_WARN_OBJC_LITERAL_CONVERSION = YES;
				CLANG_WARN_OBJC_ROOT_CLASS = YES_ERROR;
				CLANG_WARN_RANGE_LOOP_ANALYSIS = YES;
				CLANG_WARN_STRICT_PROTOTYPES = YES;
				CLANG_WARN_SUSPICIOUS_MOVE = YES;
				CLANG_WARN_UNGUARDED_AVAILABILITY = YES_AGGRESSIVE;
				CLANG_WARN_UNREACHABLE_CODE = YES;
				CLANG_WARN__DUPLICATE_METHOD_MATCH = YES;
				COPY_PHASE_STRIP = NO;
				DEBUG_INFORMATION_FORMAT = "dwarf-with-dsym";
				ENABLE_NS_ASSERTIONS = NO;
				ENABLE_STRICT_OBJC_MSGSEND = YES;
				GCC_C_LANGUAGE_STANDARD = gnu11;
				GCC_NO_COMMON_BLOCKS = YES;
				GCC_WARN_64_TO_32_BIT_CONVERSION = YES;
				GCC_WARN_ABOUT_RETURN_TYPE = YES_ERROR;
				GCC_WARN_UNDECLARED_SELECTOR = YES;
				GCC_WARN_UNINITIALIZED_AUTOS = YES_AGGRESSIVE;
				GCC_WARN_UNUSED_FUNCTION = YES;
				GCC_WARN_UNUSED_VARIABLE = YES;
				IPHONEOS_DEPLOYMENT_TARGET = 13.7;
				MTL_ENABLE_DEBUG_INFO = NO;
				MTL_FAST_MATH = YES;
				SDKROOT = iphoneos;
				SWIFT_COMPILATION_MODE = wholemodule;
				SWIFT_OPTIMIZATION_LEVEL = "-O";
				VALIDATE_PRODUCT = YES;
			};
			name = Release;
		};
		04AB440C29A7731B00547346 /* Debug */ = {
			isa = XCBuildConfiguration;
			buildSettings = {
				ASSETCATALOG_COMPILER_APPICON_NAME = AppIcon;
				CODE_SIGN_STYLE = Automatic;
				DEVELOPMENT_ASSET_PATHS = "\"listEXCERCISE/Preview Content\"";
				ENABLE_PREVIEWS = YES;
				INFOPLIST_FILE = listEXCERCISE/Info.plist;
				LD_RUNPATH_SEARCH_PATHS = (
					"$(inherited)",
					"@executable_path/Frameworks",
				);
				PRODUCT_BUNDLE_IDENTIFIER = "Eternity-code.listEXCERCISE";
				PRODUCT_NAME = "$(TARGET_NAME)";
				SWIFT_VERSION = 5.0;
				TARGETED_DEVICE_FAMILY = "1,2";
			};
			name = Debug;
		};
		04AB440D29A7731B00547346 /* Release */ = {
			isa = XCBuildConfiguration;
			buildSettings = {
				ASSETCATALOG_COMPILER_APPICON_NAME = AppIcon;
				CODE_SIGN_STYLE = Automatic;
				DEVELOPMENT_ASSET_PATHS = "\"listEXCERCISE/Preview Content\"";
				ENABLE_PREVIEWS = YES;
				INFOPLIST_FILE = listEXCERCISE/Info.plist;
				LD_RUNPATH_SEARCH_PATHS = (
					"$(inherited)",
					"@executable_path/Frameworks",
				);
				PRODUCT_BUNDLE_IDENTIFIER = "Eternity-code.listEXCERCISE";
				PRODUCT_NAME = "$(TARGET_NAME)";
				SWIFT_VERSION = 5.0;
				TARGETED_DEVICE_FAMILY = "1,2";
			};
			name = Release;
		};
		04AB440F29A7731B00547346 /* Debug */ = {
			isa = XCBuildConfiguration;
			buildSettings = {
				ALWAYS_EMBED_SWIFT_STANDARD_LIBRARIES = YES;
				BUNDLE_LOADER = "$(TEST_HOST)";
				CODE_SIGN_STYLE = Automatic;
				INFOPLIST_FILE = listEXCERCISETests/Info.plist;
				IPHONEOS_DEPLOYMENT_TARGET = 13.7;
				LD_RUNPATH_SEARCH_PATHS = (
					"$(inherited)",
					"@executable_path/Frameworks",
					"@loader_path/Frameworks",
				);
				PRODUCT_BUNDLE_IDENTIFIER = "Eternity-code.listEXCERCISETests";
				PRODUCT_NAME = "$(TARGET_NAME)";
				SWIFT_VERSION = 5.0;
				TARGETED_DEVICE_FAMILY = "1,2";
				TEST_HOST = "$(BUILT_PRODUCTS_DIR)/listEXCERCISE.app/listEXCERCISE";
			};
			name = Debug;
		};
		04AB441029A7731B00547346 /* Release */ = {
			isa = XCBuildConfiguration;
			buildSettings = {
				ALWAYS_EMBED_SWIFT_STANDARD_LIBRARIES = YES;
				BUNDLE_LOADER = "$(TEST_HOST)";
				CODE_SIGN_STYLE = Automatic;
				INFOPLIST_FILE = listEXCERCISETests/Info.plist;
				IPHONEOS_DEPLOYMENT_TARGET = 13.7;
				LD_RUNPATH_SEARCH_PATHS = (
					"$(inherited)",
					"@executable_path/Frameworks",
					"@loader_path/Frameworks",
				);
				PRODUCT_BUNDLE_IDENTIFIER = "Eternity-code.listEXCERCISETests";
				PRODUCT_NAME = "$(TARGET_NAME)";
				SWIFT_VERSION = 5.0;
				TARGETED_DEVICE_FAMILY = "1,2";
				TEST_HOST = "$(BUILT_PRODUCTS_DIR)/listEXCERCISE.app/listEXCERCISE";
			};
			name = Release;
		};
		04AB441229A7731B00547346 /* Debug */ = {
			isa = XCBuildConfiguration;
			buildSettings = {
				ALWAYS_EMBED_SWIFT_STANDARD_LIBRARIES = YES;
				CODE_SIGN_STYLE = Automatic;
				INFOPLIST_FILE = listEXCERCISEUITests/Info.plist;
				LD_RUNPATH_SEARCH_PATHS = (
					"$(inherited)",
					"@executable_path/Frameworks",
					"@loader_path/Frameworks",
				);
				PRODUCT_BUNDLE_IDENTIFIER = "Eternity-code.listEXCERCISEUITests";
				PRODUCT_NAME = "$(TARGET_NAME)";
				SWIFT_VERSION = 5.0;
				TARGETED_DEVICE_FAMILY = "1,2";
				TEST_TARGET_NAME = listEXCERCISE;
			};
			name = Debug;
		};
		04AB441329A7731B00547346 /* Release */ = {
			isa = XCBuildConfiguration;
			buildSettings = {
				ALWAYS_EMBED_SWIFT_STANDARD_LIBRARIES = YES;
				CODE_SIGN_STYLE = Automatic;
				INFOPLIST_FILE = listEXCERCISEUITests/Info.plist;
				LD_RUNPATH_SEARCH_PATHS = (
					"$(inherited)",
					"@executable_path/Frameworks",
					"@loader_path/Frameworks",
				);
				PRODUCT_BUNDLE_IDENTIFIER = "Eternity-code.listEXCERCISEUITests";
				PRODUCT_NAME = "$(TARGET_NAME)";
				SWIFT_VERSION = 5.0;
				TARGETED_DEVICE_FAMILY = "1,2";
				TEST_TARGET_NAME = listEXCERCISE;
			};
			name = Release;
		};
/* End XCBuildConfiguration section */

/* Begin XCConfigurationList section */
		04AB43DC29A772DE00547346 /* Build configuration list for PBXProject "listEXCERCISE" */ = {
			isa = XCConfigurationList;
			buildConfigurations = (
				04AB440929A7731B00547346 /* Debug */,
				04AB440A29A7731B00547346 /* Release */,
			);
			defaultConfigurationIsVisible = 0;
			defaultConfigurationName = Release;
		};
		04AB440B29A7731B00547346 /* Build configuration list for PBXNativeTarget "listEXCERCISE" */ = {
			isa = XCConfigurationList;
			buildConfigurations = (
				04AB440C29A7731B00547346 /* Debug */,
				04AB440D29A7731B00547346 /* Release */,
			);
			defaultConfigurationIsVisible = 0;
			defaultConfigurationName = Release;
		};
		04AB440E29A7731B00547346 /* Build configuration list for PBXNativeTarget "listEXCERCISETests" */ = {
			isa = XCConfigurationList;
			buildConfigurations = (
				04AB440F29A7731B00547346 /* Debug */,
				04AB441029A7731B00547346 /* Release */,
			);
			defaultConfigurationIsVisible = 0;
			defaultConfigurationName = Release;
		};
		04AB441129A7731B00547346 /* Build configuration list for PBXNativeTarget "listEXCERCISEUITests" */ = {
			isa = XCConfigurationList;
			buildConfigurations = (
				04AB441229A7731B00547346 /* Debug */,
				04AB441329A7731B00547346 /* Release */,
			);
			defaultConfigurationIsVisible = 0;
			defaultConfigurationName = Release;
		};
/* End XCConfigurationList section */
	};
	rootObject = 04AB43D929A772DE00547346 /* Project object */;
}
